
Microsoft Visual Studio Solution File, Format Version 12.00
# Visual Studio Version 16
VisualStudioVersion = 16.0.30717.126
MinimumVisualStudioVersion = 10.0.40219.1
Project("{9A19103F-16F7-4668-BE54-9A1E7A4F7556}") = "KitchenKanban.Models", "KitchenKanban.Models\KitchenKanban.Models.csproj", "{BFCA6A04-CFC7-4C97-BBBD-2525995E0DC0}"
EndProject
Project("{9A19103F-16F7-4668-BE54-9A1E7A4F7556}") = "KitchenKanban.BusinessServices.Interfaces", "KitchenKanban.BusinessServices.Interfaces\KitchenKanban.BusinessServices.Interfaces.csproj", "{9AC5395D-7E79-4296-BDA1-993E92774C62}"
EndProject
Project("{9A19103F-16F7-4668-BE54-9A1E7A4F7556}") = "KitchenKanban.BusinessServices", "KitchenKanban.BusinessServices\KitchenKanban.BusinessServices.csproj", "{93C51C5B-B562-4C19-A275-BC0CE85B21A6}"
EndProject
Project("{9A19103F-16F7-4668-BE54-9A1E7A4F7556}") = "KitchenKanban.ViewModels", "KitchenKanban.ViewModels\KitchenKanban.ViewModels.csproj", "{4A6A4CD4-0869-4F4A-9655-DA04BEB3EFB3}"
EndProject
Project("{9A19103F-16F7-4668-BE54-9A1E7A4F7556}") = "KitchenKanban.WebAPI", "KitchenKanban.WebAPI\KitchenKanban.WebAPI.csproj", "{1476E0E8-2862-4AAB-81A5-212962879D20}"
EndProject
Project("{9A19103F-16F7-4668-BE54-9A1E7A4F7556}") = "KitchenKanban.DataServices", "KitchenKanban.DataServices\KitchenKanban.DataServices.csproj", "{ED8EA1BD-009B-4D63-B487-FEA714726DF3}"
EndProject
Project("{9A19103F-16F7-4668-BE54-9A1E7A4F7556}") = "KitchenKanban.WebUI", "KitchenKanban.WebUI\KitchenKanban.WebUI.csproj", "{02D21250-2408-41C6-9238-CA3798E71B19}"
EndProject
Project("{FAE04EC0-301F-11D3-BF4B-00C04F79EFBC}") = "KitchenKanban.Test", "KitchenKanban.Test\KitchenKanban.Test.csproj", "{9F53B339-CF57-4E46-9001-7BB5D9EF3B20}"
EndProject
Global
	GlobalSection(SolutionConfigurationPlatforms) = preSolution
		Debug|Any CPU = Debug|Any CPU
		Release|Any CPU = Release|Any CPU
	EndGlobalSection
	GlobalSection(ProjectConfigurationPlatforms) = postSolution
		{BFCA6A04-CFC7-4C97-BBBD-2525995E0DC0}.Debug|Any CPU.ActiveCfg = Debug|Any CPU
		{BFCA6A04-CFC7-4C97-BBBD-2525995E0DC0}.Debug|Any CPU.Build.0 = Debug|Any CPU
		{BFCA6A04-CFC7-4C97-BBBD-2525995E0DC0}.Release|Any CPU.ActiveCfg = Release|Any CPU
		{BFCA6A04-CFC7-4C97-BBBD-2525995E0DC0}.Release|Any CPU.Build.0 = Release|Any CPU
		{9AC5395D-7E79-4296-BDA1-993E92774C62}.Debug|Any CPU.ActiveCfg = Debug|Any CPU
		{9AC5395D-7E79-4296-BDA1-993E92774C62}.Debug|Any CPU.Build.0 = Debug|Any CPU
		{9AC5395D-7E79-4296-BDA1-993E92774C62}.Release|Any CPU.ActiveCfg = Release|Any CPU
		{9AC5395D-7E79-4296-BDA1-993E92774C62}.Release|Any CPU.Build.0 = Release|Any CPU
		{93C51C5B-B562-4C19-A275-BC0CE85B21A6}.Debug|Any CPU.ActiveCfg = Debug|Any CPU
		{93C51C5B-B562-4C19-A275-BC0CE85B21A6}.Debug|Any CPU.Build.0 = Debug|Any CPU
		{93C51C5B-B562-4C19-A275-BC0CE85B21A6}.Release|Any CPU.ActiveCfg = Release|Any CPU
		{93C51C5B-B562-4C19-A275-BC0CE85B21A6}.Release|Any CPU.Build.0 = Release|Any CPU
		{4A6A4CD4-0869-4F4A-9655-DA04BEB3EFB3}.Debug|Any CPU.ActiveCfg = Debug|Any CPU
		{4A6A4CD4-0869-4F4A-9655-DA04BEB3EFB3}.Debug|Any CPU.Build.0 = Debug|Any CPU
		{4A6A4CD4-0869-4F4A-9655-DA04BEB3EFB3}.Release|Any CPU.ActiveCfg = Release|Any CPU
		{4A6A4CD4-0869-4F4A-9655-DA04BEB3EFB3}.Release|Any CPU.Build.0 = Release|Any CPU
		{1476E0E8-2862-4AAB-81A5-212962879D20}.Debug|Any CPU.ActiveCfg = Debug|Any CPU
		{1476E0E8-2862-4AAB-81A5-212962879D20}.Debug|Any CPU.Build.0 = Debug|Any CPU
		{1476E0E8-2862-4AAB-81A5-212962879D20}.Release|Any CPU.ActiveCfg = Release|Any CPU
		{1476E0E8-2862-4AAB-81A5-212962879D20}.Release|Any CPU.Build.0 = Release|Any CPU
		{ED8EA1BD-009B-4D63-B487-FEA714726DF3}.Debug|Any CPU.ActiveCfg = Debug|Any CPU
		{ED8EA1BD-009B-4D63-B487-FEA714726DF3}.Debug|Any CPU.Build.0 = Debug|Any CPU
		{ED8EA1BD-009B-4D63-B487-FEA714726DF3}.Release|Any CPU.ActiveCfg = Release|Any CPU
		{ED8EA1BD-009B-4D63-B487-FEA714726DF3}.Release|Any CPU.Build.0 = Release|Any CPU
		{02D21250-2408-41C6-9238-CA3798E71B19}.Debug|Any CPU.ActiveCfg = Debug|Any CPU
		{02D21250-2408-41C6-9238-CA3798E71B19}.Debug|Any CPU.Build.0 = Debug|Any CPU
		{02D21250-2408-41C6-9238-CA3798E71B19}.Release|Any CPU.ActiveCfg = Release|Any CPU
		{02D21250-2408-41C6-9238-CA3798E71B19}.Release|Any CPU.Build.0 = Release|Any CPU
		{9F53B339-CF57-4E46-9001-7BB5D9EF3B20}.Debug|Any CPU.ActiveCfg = Debug|Any CPU
		{9F53B339-CF57-4E46-9001-7BB5D9EF3B20}.Debug|Any CPU.Build.0 = Debug|Any CPU
		{9F53B339-CF57-4E46-9001-7BB5D9EF3B20}.Release|Any CPU.ActiveCfg = Release|Any CPU
		{9F53B339-CF57-4E46-9001-7BB5D9EF3B20}.Release|Any CPU.Build.0 = Release|Any CPU
	EndGlobalSection
	GlobalSection(SolutionProperties) = preSolution
		HideSolutionNode = FALSE
	EndGlobalSection
	GlobalSection(ExtensibilityGlobals) = postSolution
		SolutionGuid = {CBC95981-F646-460E-AB41-C357BBF1908F}
	EndGlobalSection
EndGlobal
